<?xml version="1.0" encoding="utf-8"?>
<Project ToolsVersion="4.0" xmlns="http://schemas.microsoft.com/developer/msbuild/2003">
  <ItemGroup>
    <Filter Include="source">
      <UniqueIdentifier>{7bf7dfd1-f365-4c6d-9c70-ea124b482f87}</UniqueIdentifier>
      <Extensions>cpp;c;cxx;def;odl;idl;hpj;bat;asm</Extensions>
    </Filter>
    <Filter Include="resource">
      <UniqueIdentifier>{41ecfeff-f64b-463f-b2cd-7c1f102ed3f0}</UniqueIdentifier>
      <Extensions>rc;ico;cur;bmp;dlg;rc2;rct;bin;rgs;jpg;jpeg;jpe;png;manifest</Extensions>
    </Filter>
    <Filter Include="source\event">
      <UniqueIdentifier>{26605fbb-da90-4251-9cca-82547cea76ad}</UniqueIdentifier>
    </Filter>
    <Filter Include="source\framerate">
      <UniqueIdentifier>{2aef8f79-4078-40ef-8f1c-2e846ba1fa2f}</UniqueIdentifier>
    </Filter>
    <Filter Include="source\reference">
      <UniqueIdentifier>{e885d9f2-5242-45d5-ab90-1849a69c4003}</UniqueIdentifier>
    </Filter>
    <Filter Include="source\support">
      <UniqueIdentifier>{9e59b92b-58fe-4d4a-8a61-f32c07a8191e}</UniqueIdentifier>
    </Filter>
    <Filter Include="source\support\script">
      <UniqueIdentifier>{6c4f2517-98f2-4afb-8b22-06e8807a3014}</UniqueIdentifier>
    </Filter>
    <Filter Include="source\support\xjmath">
      <UniqueIdentifier>{9ddd9e05-e05e-4808-ac71-bb9bef34c932}</UniqueIdentifier>
    </Filter>
    <Filter Include="source\round">
      <UniqueIdentifier>{a9e26e68-4aa8-4d8d-b454-6e696ab13eb8}</UniqueIdentifier>
    </Filter>
    <Filter Include="source\ecs">
      <UniqueIdentifier>{89c9cdfe-4aa0-4ab4-a2ae-672ffb09a708}</UniqueIdentifier>
    </Filter>
    <Filter Include="source\ecs\component">
      <UniqueIdentifier>{5ae11156-815f-4580-b983-12990a41505a}</UniqueIdentifier>
    </Filter>
    <Filter Include="source\ecs\system">
      <UniqueIdentifier>{c24ef867-fcea-4b96-830e-7ae1ca40a35c}</UniqueIdentifier>
    </Filter>
    <Filter Include="source\ecs\component\weapon">
      <UniqueIdentifier>{07d9720a-ee57-4a57-8ba9-024220ad9c37}</UniqueIdentifier>
    </Filter>
  </ItemGroup>
  <ItemGroup>
    <None Include="res\MagicLand.ico">
      <Filter>resource</Filter>
    </None>
    <None Include="..\Resources\CloseSelected.png">
      <Filter>resource</Filter>
    </None>
    <None Include="..\Resources\CloseNormal.png">
      <Filter>resource</Filter>
    </None>
    <None Include="..\Resources\HelloWorld.png">
      <Filter>resource</Filter>
    </None>
  </ItemGroup>
  <ItemGroup>
    <ResourceCompile Include="MagicLand.rc">
      <Filter>resource</Filter>
    </ResourceCompile>
  </ItemGroup>
  <ItemGroup>
    <ClInclude Include="resource.h">
      <Filter>source</Filter>
    </ClInclude>
    <ClInclude Include="..\Classes\AppDelegate.h">
      <Filter>source</Filter>
    </ClInclude>
    <ClInclude Include="..\Classes\HelloWorldScene.h">
      <Filter>source</Filter>
    </ClInclude>
    <ClInclude Include="main.h">
      <Filter>source</Filter>
    </ClInclude>
    <ClInclude Include="..\Classes\marco.h">
      <Filter>source</Filter>
    </ClInclude>
    <ClInclude Include="..\Classes\event\ml_eventmgr.h">
      <Filter>source\event</Filter>
    </ClInclude>
    <ClInclude Include="..\classes\framerate\ml_frameratemgr.h">
      <Filter>source\framerate</Filter>
    </ClInclude>
    <ClInclude Include="..\classes\reference\ml_reference.h">
      <Filter>source\reference</Filter>
    </ClInclude>
    <ClInclude Include="..\classes\support\script\ml_scriptmgr.h">
      <Filter>source\support\script</Filter>
    </ClInclude>
    <ClInclude Include="..\Classes\support\xjmath\XJMath.h">
      <Filter>source\support\xjmath</Filter>
    </ClInclude>
    <ClInclude Include="..\Classes\round\ml_round.h">
      <Filter>source\round</Filter>
    </ClInclude>
    <ClInclude Include="..\Classes\round\ml_roundconfig.h">
      <Filter>source\round</Filter>
    </ClInclude>
    <ClInclude Include="..\Classes\round\ml_entitymgr.h">
      <Filter>source\round</Filter>
    </ClInclude>
    <ClInclude Include="..\Classes\ecs\ml_entity.h">
      <Filter>source\ecs</Filter>
    </ClInclude>
    <ClInclude Include="..\Classes\ecs\ml_allcoms.h">
      <Filter>source\ecs\component</Filter>
    </ClInclude>
    <ClInclude Include="..\Classes\ecs\ml_component.h">
      <Filter>source\ecs\component</Filter>
    </ClInclude>
    <ClInclude Include="..\Classes\ecs\ml_com_display.h">
      <Filter>source\ecs\component</Filter>
    </ClInclude>
    <ClInclude Include="..\Classes\ecs\ml_com_timer.h">
      <Filter>source\ecs\component</Filter>
    </ClInclude>
    <ClInclude Include="..\Classes\ecs\ml_com_transform.h">
      <Filter>source\ecs\component</Filter>
    </ClInclude>
    <ClInclude Include="..\Classes\ecs\ml_com_userdata.h">
      <Filter>source\ecs\component</Filter>
    </ClInclude>
    <ClInclude Include="..\Classes\ecs\ml_timerflag.h">
      <Filter>source\ecs\component</Filter>
    </ClInclude>
    <ClInclude Include="..\Classes\ecs\ml_userdataflag.h">
      <Filter>source\ecs\component</Filter>
    </ClInclude>
    <ClInclude Include="..\Classes\ecs\ml_system.h">
      <Filter>source\ecs\system</Filter>
    </ClInclude>
    <ClInclude Include="..\Classes\ecs\ml_playersys.h">
      <Filter>source\ecs\system</Filter>
    </ClInclude>
    <ClInclude Include="..\Classes\ecs\ml_com_weapons.h">
      <Filter>source\ecs\component\weapon</Filter>
    </ClInclude>
    <ClInclude Include="..\Classes\ecs\ml_weapon.h">
      <Filter>source\ecs\component\weapon</Filter>
    </ClInclude>
    <ClInclude Include="..\Classes\ecs\ml_single_particle.h">
      <Filter>source\ecs\component\weapon</Filter>
    </ClInclude>
    <ClInclude Include="..\Classes\ecs\ml_normalflysys.h">
      <Filter>source\ecs\system</Filter>
    </ClInclude>
    <ClInclude Include="..\Classes\ecs\ml_com_speed.h">
      <Filter>source\ecs\component</Filter>
    </ClInclude>
  </ItemGroup>
  <ItemGroup>
    <ClCompile Include="..\Classes\AppDelegate.cpp">
      <Filter>source</Filter>
    </ClCompile>
    <ClCompile Include="..\Classes\HelloWorldScene.cpp">
      <Filter>source</Filter>
    </ClCompile>
    <ClCompile Include="main.cpp">
      <Filter>source</Filter>
    </ClCompile>
    <ClCompile Include="..\Classes\event\ml_eventmgr.cpp">
      <Filter>source\event</Filter>
    </ClCompile>
    <ClCompile Include="..\Classes\framerate\ml_frameratemgr.cpp">
      <Filter>source\framerate</Filter>
    </ClCompile>
    <ClCompile Include="..\Classes\reference\ml_reference.cpp">
      <Filter>source\reference</Filter>
    </ClCompile>
    <ClCompile Include="..\Classes\support\script\ml_scriptmgr.cpp">
      <Filter>source\support\script</Filter>
    </ClCompile>
    <ClCompile Include="..\Classes\support\xjmath\XJMath_aabb.cpp">
      <Filter>source\support\xjmath</Filter>
    </ClCompile>
    <ClCompile Include="..\Classes\support\xjmath\XJMath_obb.cpp">
      <Filter>source\support\xjmath</Filter>
    </ClCompile>
    <ClCompile Include="..\Classes\support\xjmath\XJMath_vector.cpp">
      <Filter>source\support\xjmath</Filter>
    </ClCompile>
    <ClCompile Include="..\Classes\round\ml_round.cpp">
      <Filter>source\round</Filter>
    </ClCompile>
    <ClCompile Include="..\Classes\round\ml_roundconfig.cpp">
      <Filter>source\round</Filter>
    </ClCompile>
    <ClCompile Include="..\Classes\ecs\ml_entity.cpp">
      <Filter>source\ecs</Filter>
    </ClCompile>
    <ClCompile Include="..\Classes\round\ml_entitymgr.cpp">
      <Filter>source\round</Filter>
    </ClCompile>
    <ClCompile Include="..\Classes\ecs\ml_com_display.cpp">
      <Filter>source\ecs\component</Filter>
    </ClCompile>
    <ClCompile Include="..\Classes\ecs\ml_com_timer.cpp">
      <Filter>source\ecs\component</Filter>
    </ClCompile>
    <ClCompile Include="..\Classes\ecs\ml_com_transform.cpp">
      <Filter>source\ecs\component</Filter>
    </ClCompile>
    <ClCompile Include="..\Classes\ecs\ml_com_userdata.cpp">
      <Filter>source\ecs\component</Filter>
    </ClCompile>
    <ClCompile Include="..\Classes\ecs\ml_component.cpp">
      <Filter>source\ecs\component</Filter>
    </ClCompile>
    <ClCompile Include="..\Classes\ecs\ml_playersys.cpp">
      <Filter>source\ecs\system</Filter>
    </ClCompile>
    <ClCompile Include="..\Classes\ecs\ml_com_weapons.cpp">
      <Filter>source\ecs\component\weapon</Filter>
    </ClCompile>
    <ClCompile Include="..\Classes\ecs\ml_single_particle.cpp">
      <Filter>source\ecs\component\weapon</Filter>
    </ClCompile>
    <ClCompile Include="..\Classes\ecs\ml_normalflysys.cpp">
      <Filter>source\ecs\system</Filter>
    </ClCompile>
    <ClCompile Include="..\Classes\ecs\ml_com_speed.cpp">
      <Filter>source\ecs\component</Filter>
    </ClCompile>
  </ItemGroup>
</Project>