
Microsoft Visual Studio Solution File, Format Version 11.00
# Visual Studio 2010
Project("{8BC9CEB8-8B4A-11D0-8D11-00A0C91BC942}") = "MagicLand.win32", "MagicLand\proj.win32\MagicLand.win32.vcxproj", "{EF67B76A-524A-4A32-BE2B-2A6E10D0CAEF}"
EndProject
Global
	GlobalSection(SolutionConfigurationPlatforms) = preSolution
		Debug|Win32 = Debug|Win32
		Release|Win32 = Release|Win32
	EndGlobalSection
	GlobalSection(ProjectConfigurationPlatforms) = postSolution
		{EF67B76A-524A-4A32-BE2B-2A6E10D0CAEF}.Debug|Win32.ActiveCfg = Debug|Win32
		{EF67B76A-524A-4A32-BE2B-2A6E10D0CAEF}.Debug|Win32.Build.0 = Debug|Win32
		{EF67B76A-524A-4A32-BE2B-2A6E10D0CAEF}.Release|Win32.ActiveCfg = Release|Win32
		{EF67B76A-524A-4A32-BE2B-2A6E10D0CAEF}.Release|Win32.Build.0 = Release|Win32
	EndGlobalSection
	GlobalSection(SolutionProperties) = preSolution
		HideSolutionNode = FALSE
	EndGlobalSection
EndGlobal
